// !$*UTF8*$!
{
	archiveVersion = 1;
	classes = {
	};
	objectVersion = 50;
	objects = {

/* Begin PBXBuildFile section */
		470CE5A3221222BA005E321F /* AppDelegate.swift in Sources */ = {isa = PBXBuildFile; fileRef = 470CE5A2221222BA005E321F /* AppDelegate.swift */; };
		470CE5A8221222BA005E321F /* Main.storyboard in Resources */ = {isa = PBXBuildFile; fileRef = 470CE5A6221222BA005E321F /* Main.storyboard */; };
		470CE5AB221222BA005E321F /* Virtual_Tourist.xcdatamodeld in Sources */ = {isa = PBXBuildFile; fileRef = 470CE5A9221222BA005E321F /* Virtual_Tourist.xcdatamodeld */; };
		470CE5AD221222BE005E321F /* Assets.xcassets in Resources */ = {isa = PBXBuildFile; fileRef = 470CE5AC221222BE005E321F /* Assets.xcassets */; };
		470CE5B0221222BE005E321F /* LaunchScreen.storyboard in Resources */ = {isa = PBXBuildFile; fileRef = 470CE5AE221222BE005E321F /* LaunchScreen.storyboard */; };
		470CE5BB221222BE005E321F /* Virtual_TouristTests.swift in Sources */ = {isa = PBXBuildFile; fileRef = 470CE5BA221222BE005E321F /* Virtual_TouristTests.swift */; };
		470CE5CC2212273C005E321F /* MapKit.framework in Frameworks */ = {isa = PBXBuildFile; fileRef = 470CE5CB2212273C005E321F /* MapKit.framework */; };
		470CE5CE22122744005E321F /* CoreData.framework in Frameworks */ = {isa = PBXBuildFile; fileRef = 470CE5CD22122744005E321F /* CoreData.framework */; };
		470CE5D02212297D005E321F /* MapViewController.swift in Sources */ = {isa = PBXBuildFile; fileRef = 470CE5CF2212297D005E321F /* MapViewController.swift */; };
		470CE5D222122999005E321F /* PhotoAlbumCollectionViewController.swift in Sources */ = {isa = PBXBuildFile; fileRef = 470CE5D122122999005E321F /* PhotoAlbumCollectionViewController.swift */; };
/* End PBXBuildFile section */

/* Begin PBXContainerItemProxy section */
		470CE5B7221222BE005E321F /* PBXContainerItemProxy */ = {
			isa = PBXContainerItemProxy;
			containerPortal = 470CE597221222BA005E321F /* Project object */;
			proxyType = 1;
			remoteGlobalIDString = 470CE59E221222BA005E321F;
			remoteInfo = "Virtual Tourist";
		};
/* End PBXContainerItemProxy section */

/* Begin PBXFileReference section */
		470CE59F221222BA005E321F /* Virtual Tourist.app */ = {isa = PBXFileReference; explicitFileType = wrapper.application; includeInIndex = 0; path = "Virtual Tourist.app"; sourceTree = BUILT_PRODUCTS_DIR; };
		470CE5A2221222BA005E321F /* AppDelegate.swift */ = {isa = PBXFileReference; lastKnownFileType = sourcecode.swift; path = AppDelegate.swift; sourceTree = "<group>"; };
		470CE5A7221222BA005E321F /* Base */ = {isa = PBXFileReference; lastKnownFileType = file.storyboard; name = Base; path = Base.lproj/Main.storyboard; sourceTree = "<group>"; };
		470CE5AA221222BA005E321F /* Virtual_Tourist.xcdatamodel */ = {isa = PBXFileReference; lastKnownFileType = wrapper.xcdatamodel; path = Virtual_Tourist.xcdatamodel; sourceTree = "<group>"; };
		470CE5AC221222BE005E321F /* Assets.xcassets */ = {isa = PBXFileReference; lastKnownFileType = folder.assetcatalog; path = Assets.xcassets; sourceTree = "<group>"; };
		470CE5AF221222BE005E321F /* Base */ = {isa = PBXFileReference; lastKnownFileType = file.storyboard; name = Base; path = Base.lproj/LaunchScreen.storyboard; sourceTree = "<group>"; };
		470CE5B1221222BE005E321F /* Info.plist */ = {isa = PBXFileReference; lastKnownFileType = text.plist.xml; path = Info.plist; sourceTree = "<group>"; };
		470CE5B6221222BE005E321F /* Virtual TouristTests.xctest */ = {isa = PBXFileReference; explicitFileType = wrapper.cfbundle; includeInIndex = 0; path = "Virtual TouristTests.xctest"; sourceTree = BUILT_PRODUCTS_DIR; };
		470CE5BA221222BE005E321F /* Virtual_TouristTests.swift */ = {isa = PBXFileReference; lastKnownFileType = sourcecode.swift; path = Virtual_TouristTests.swift; sourceTree = "<group>"; };
		470CE5BC221222BE005E321F /* Info.plist */ = {isa = PBXFileReference; lastKnownFileType = text.plist.xml; path = Info.plist; sourceTree = "<group>"; };
		470CE5CB2212273C005E321F /* MapKit.framework */ = {isa = PBXFileReference; lastKnownFileType = wrapper.framework; name = MapKit.framework; path = System/Library/Frameworks/MapKit.framework; sourceTree = SDKROOT; };
		470CE5CD22122744005E321F /* CoreData.framework */ = {isa = PBXFileReference; lastKnownFileType = wrapper.framework; name = CoreData.framework; path = System/Library/Frameworks/CoreData.framework; sourceTree = SDKROOT; };
		470CE5CF2212297D005E321F /* MapViewController.swift */ = {isa = PBXFileReference; lastKnownFileType = sourcecode.swift; path = MapViewController.swift; sourceTree = "<group>"; };
		470CE5D122122999005E321F /* PhotoAlbumCollectionViewController.swift */ = {isa = PBXFileReference; lastKnownFileType = sourcecode.swift; path = PhotoAlbumCollectionViewController.swift; sourceTree = "<group>"; };
/* End PBXFileReference section */

/* Begin PBXFrameworksBuildPhase section */
		470CE59C221222BA005E321F /* Frameworks */ = {
			isa = PBXFrameworksBuildPhase;
			buildActionMask = 2147483647;
			files = (
				470CE5CE22122744005E321F /* CoreData.framework in Frameworks */,
				470CE5CC2212273C005E321F /* MapKit.framework in Frameworks */,
			);
			runOnlyForDeploymentPostprocessing = 0;
		};
		470CE5B3221222BE005E321F /* Frameworks */ = {
			isa = PBXFrameworksBuildPhase;
			buildActionMask = 2147483647;
			files = (
			);
			runOnlyForDeploymentPostprocessing = 0;
		};
/* End PBXFrameworksBuildPhase section */

/* Begin PBXGroup section */
		470CE596221222BA005E321F = {
			isa = PBXGroup;
			children = (
				470CE5A1221222BA005E321F /* Virtual Tourist */,
				470CE5B9221222BE005E321F /* Virtual TouristTests */,
				470CE5A0221222BA005E321F /* Products */,
				470CE5CA2212273C005E321F /* Frameworks */,
			);
			sourceTree = "<group>";
		};
		470CE5A0221222BA005E321F /* Products */ = {
			isa = PBXGroup;
			children = (
				470CE59F221222BA005E321F /* Virtual Tourist.app */,
				470CE5B6221222BE005E321F /* Virtual TouristTests.xctest */,
			);
			name = Products;
			sourceTree = "<group>";
		};
		470CE5A1221222BA005E321F /* Virtual Tourist */ = {
			isa = PBXGroup;
			children = (
				470CE5C92212265B005E321F /* Model */,
				470CE5C822122646005E321F /* Views */,
				470CE5C622122635005E321F /* Controllers */,
				470CE5C72212263C005E321F /* Services */,
				470CE5C522122612005E321F /* Supporting Files */,
				470CE5B1221222BE005E321F /* Info.plist */,
			);
			path = "Virtual Tourist";
			sourceTree = "<group>";
		};
		470CE5B9221222BE005E321F /* Virtual TouristTests */ = {
			isa = PBXGroup;
			children = (
				470CE5BA221222BE005E321F /* Virtual_TouristTests.swift */,
				470CE5BC221222BE005E321F /* Info.plist */,
			);
			path = "Virtual TouristTests";
			sourceTree = "<group>";
		};
		470CE5C522122612005E321F /* Supporting Files */ = {
			isa = PBXGroup;
			children = (
				470CE5AC221222BE005E321F /* Assets.xcassets */,
				470CE5AE221222BE005E321F /* LaunchScreen.storyboard */,
				470CE5A2221222BA005E321F /* AppDelegate.swift */,
			);
			path = "Supporting Files";
			sourceTree = "<group>";
		};
		470CE5C622122635005E321F /* Controllers */ = {
			isa = PBXGroup;
			children = (
				470CE5CF2212297D005E321F /* MapViewController.swift */,
				470CE5D122122999005E321F /* PhotoAlbumCollectionViewController.swift */,
			);
			path = Controllers;
			sourceTree = "<group>";
		};
		470CE5C72212263C005E321F /* Services */ = {
			isa = PBXGroup;
			children = (
			);
			path = Services;
			sourceTree = "<group>";
		};
		470CE5C822122646005E321F /* Views */ = {
			isa = PBXGroup;
			children = (
				470CE5A6221222BA005E321F /* Main.storyboard */,
			);
			path = Views;
			sourceTree = "<group>";
		};
		470CE5C92212265B005E321F /* Model */ = {
			isa = PBXGroup;
			children = (
				470CE5A9221222BA005E321F /* Virtual_Tourist.xcdatamodeld */,
			);
			path = Model;
			sourceTree = "<group>";
		};
		470CE5CA2212273C005E321F /* Frameworks */ = {
			isa = PBXGroup;
			children = (
				470CE5CD22122744005E321F /* CoreData.framework */,
				470CE5CB2212273C005E321F /* MapKit.framework */,
			);
			name = Frameworks;
			sourceTree = "<group>";
		};
/* End PBXGroup section */

/* Begin PBXNativeTarget section */
		470CE59E221222BA005E321F /* Virtual Tourist */ = {
			isa = PBXNativeTarget;
			buildConfigurationList = 470CE5BF221222BE005E321F /* Build configuration list for PBXNativeTarget "Virtual Tourist" */;
			buildPhases = (
				470CE59B221222BA005E321F /* Sources */,
				470CE59C221222BA005E321F /* Frameworks */,
				470CE59D221222BA005E321F /* Resources */,
			);
			buildRules = (
			);
			dependencies = (
			);
			name = "Virtual Tourist";
			productName = "Virtual Tourist";
			productReference = 470CE59F221222BA005E321F /* Virtual Tourist.app */;
			productType = "com.apple.product-type.application";
		};
		470CE5B5221222BE005E321F /* Virtual TouristTests */ = {
			isa = PBXNativeTarget;
			buildConfigurationList = 470CE5C2221222BE005E321F /* Build configuration list for PBXNativeTarget "Virtual TouristTests" */;
			buildPhases = (
				470CE5B2221222BE005E321F /* Sources */,
				470CE5B3221222BE005E321F /* Frameworks */,
				470CE5B4221222BE005E321F /* Resources */,
			);
			buildRules = (
			);
			dependencies = (
				470CE5B8221222BE005E321F /* PBXTargetDependency */,
			);
			name = "Virtual TouristTests";
			productName = "Virtual TouristTests";
			productReference = 470CE5B6221222BE005E321F /* Virtual TouristTests.xctest */;
			productType = "com.apple.product-type.bundle.unit-test";
		};
/* End PBXNativeTarget section */

/* Begin PBXProject section */
		470CE597221222BA005E321F /* Project object */ = {
			isa = PBXProject;
			attributes = {
				LastSwiftUpdateCheck = 1000;
				LastUpgradeCheck = 1000;
				ORGANIZATIONNAME = "Tiago Maia Lopes";
				TargetAttributes = {
					470CE59E221222BA005E321F = {
						CreatedOnToolsVersion = 10.0;
					};
					470CE5B5221222BE005E321F = {
						CreatedOnToolsVersion = 10.0;
						TestTargetID = 470CE59E221222BA005E321F;
					};
				};
			};
			buildConfigurationList = 470CE59A221222BA005E321F /* Build configuration list for PBXProject "Virtual Tourist" */;
			compatibilityVersion = "Xcode 9.3";
			developmentRegion = en;
			hasScannedForEncodings = 0;
			knownRegions = (
				en,
				Base,
			);
			mainGroup = 470CE596221222BA005E321F;
			productRefGroup = 470CE5A0221222BA005E321F /* Products */;
			projectDirPath = "";
			projectRoot = "";
			targets = (
				470CE59E221222BA005E321F /* Virtual Tourist */,
				470CE5B5221222BE005E321F /* Virtual TouristTests */,
			);
		};
/* End PBXProject section */

/* Begin PBXResourcesBuildPhase section */
		470CE59D221222BA005E321F /* Resources */ = {
			isa = PBXResourcesBuildPhase;
			buildActionMask = 2147483647;
			files = (
				470CE5B0221222BE005E321F /* LaunchScreen.storyboard in Resources */,
				470CE5AD221222BE005E321F /* Assets.xcassets in Resources */,
				470CE5A8221222BA005E321F /* Main.storyboard in Resources */,
			);
			runOnlyForDeploymentPostprocessing = 0;
		};
		470CE5B4221222BE005E321F /* Resources */ = {
			isa = PBXResourcesBuildPhase;
			buildActionMask = 2147483647;
			files = (
			);
			runOnlyForDeploymentPostprocessing = 0;
		};
/* End PBXResourcesBuildPhase section */

/* Begin PBXSourcesBuildPhase section */
		470CE59B221222BA005E321F /* Sources */ = {
			isa = PBXSourcesBuildPhase;
			buildActionMask = 2147483647;
			files = (
				470CE5AB221222BA005E321F /* Virtual_Tourist.xcdatamodeld in Sources */,
				470CE5D222122999005E321F /* PhotoAlbumCollectionViewController.swift in Sources */,
				470CE5D02212297D005E321F /* MapViewController.swift in Sources */,
				470CE5A3221222BA005E321F /* AppDelegate.swift in Sources */,
			);
			runOnlyForDeploymentPostprocessing = 0;
		};
		470CE5B2221222BE005E321F /* Sources */ = {
			isa = PBXSourcesBuildPhase;
			buildActionMask = 2147483647;
			files = (
				470CE5BB221222BE005E321F /* Virtual_TouristTests.swift in Sources */,
			);
			runOnlyForDeploymentPostprocessing = 0;
		};
/* End PBXSourcesBuildPhase section */

/* Begin PBXTargetDependency section */
		470CE5B8221222BE005E321F /* PBXTargetDependency */ = {
			isa = PBXTargetDependency;
			target = 470CE59E221222BA005E321F /* Virtual Tourist */;
			targetProxy = 470CE5B7221222BE005E321F /* PBXContainerItemProxy */;
		};
/* End PBXTargetDependency section */

/* Begin PBXVariantGroup section */
		470CE5A6221222BA005E321F /* Main.storyboard */ = {
			isa = PBXVariantGroup;
			children = (
				470CE5A7221222BA005E321F /* Base */,
			);
			name = Main.storyboard;
			sourceTree = "<group>";
		};
		470CE5AE221222BE005E321F /* LaunchScreen.storyboard */ = {
			isa = PBXVariantGroup;
			children = (
				470CE5AF221222BE005E321F /* Base */,
			);
			name = LaunchScreen.storyboard;
			sourceTree = "<group>";
		};
/* End PBXVariantGroup section */

/* Begin XCBuildConfiguration section */
		470CE5BD221222BE005E321F /* Debug */ = {
			isa = XCBuildConfiguration;
			buildSettings = {
				ALWAYS_SEARCH_USER_PATHS = NO;
				CLANG_ANALYZER_NONNULL = YES;
				CLANG_ANALYZER_NUMBER_OBJECT_CONVERSION = YES_AGGRESSIVE;
				CLANG_CXX_LANGUAGE_STANDARD = "gnu++14";
				CLANG_CXX_LIBRARY = "libc++";
				CLANG_ENABLE_MODULES = YES;
				CLANG_ENABLE_OBJC_ARC = YES;
				CLANG_ENABLE_OBJC_WEAK = YES;
				CLANG_WARN_BLOCK_CAPTURE_AUTORELEASING = YES;
				CLANG_WARN_BOOL_CONVERSION = YES;
				CLANG_WARN_COMMA = YES;
				CLANG_WARN_CONSTANT_CONVERSION = YES;
				CLANG_WARN_DEPRECATED_OBJC_IMPLEMENTATIONS = YES;
				CLANG_WARN_DIRECT_OBJC_ISA_USAGE = YES_ERROR;
				CLANG_WARN_DOCUMENTATION_COMMENTS = YES;
				CLANG_WARN_EMPTY_BODY = YES;
				CLANG_WARN_ENUM_CONVERSION = YES;
				CLANG_WARN_INFINITE_RECURSION = YES;
				CLANG_WARN_INT_CONVERSION = YES;
				CLANG_WARN_NON_LITERAL_NULL_CONVERSION = YES;
				CLANG_WARN_OBJC_IMPLICIT_RETAIN_SELF = YES;
				CLANG_WARN_OBJC_LITERAL_CONVERSION = YES;
				CLANG_WARN_OBJC_ROOT_CLASS = YES_ERROR;
				CLANG_WARN_RANGE_LOOP_ANALYSIS = YES;
				CLANG_WARN_STRICT_PROTOTYPES = YES;
				CLANG_WARN_SUSPICIOUS_MOVE = YES;
				CLANG_WARN_UNGUARDED_AVAILABILITY = YES_AGGRESSIVE;
				CLANG_WARN_UNREACHABLE_CODE = YES;
				CLANG_WARN__DUPLICATE_METHOD_MATCH = YES;
				CODE_SIGN_IDENTITY = "iPhone Developer";
				COPY_PHASE_STRIP = NO;
				DEBUG_INFORMATION_FORMAT = dwarf;
				ENABLE_STRICT_OBJC_MSGSEND = YES;
				ENABLE_TESTABILITY = YES;
				GCC_C_LANGUAGE_STANDARD = gnu11;
				GCC_DYNAMIC_NO_PIC = NO;
				GCC_NO_COMMON_BLOCKS = YES;
				GCC_OPTIMIZATION_LEVEL = 0;
				GCC_PREPROCESSOR_DEFINITIONS = (
					"DEBUG=1",
					"$(inherited)",
				);
				GCC_WARN_64_TO_32_BIT_CONVERSION = YES;
				GCC_WARN_ABOUT_RETURN_TYPE = YES_ERROR;
				GCC_WARN_UNDECLARED_SELECTOR = YES;
				GCC_WARN_UNINITIALIZED_AUTOS = YES_AGGRESSIVE;
				GCC_WARN_UNUSED_FUNCTION = YES;
				GCC_WARN_UNUSED_VARIABLE = YES;
				IPHONEOS_DEPLOYMENT_TARGET = 12.0;
				MTL_ENABLE_DEBUG_INFO = INCLUDE_SOURCE;
				MTL_FAST_MATH = YES;
				ONLY_ACTIVE_ARCH = YES;
				SDKROOT = iphoneos;
				SWIFT_ACTIVE_COMPILATION_CONDITIONS = DEBUG;
				SWIFT_OPTIMIZATION_LEVEL = "-Onone";
			};
			name = Debug;
		};
		470CE5BE221222BE005E321F /* Release */ = {
			isa = XCBuildConfiguration;
			buildSettings = {
				ALWAYS_SEARCH_USER_PATHS = NO;
				CLANG_ANALYZER_NONNULL = YES;
				CLANG_ANALYZER_NUMBER_OBJECT_CONVERSION = YES_AGGRESSIVE;
				CLANG_CXX_LANGUAGE_STANDARD = "gnu++14";
				CLANG_CXX_LIBRARY = "libc++";
				CLANG_ENABLE_MODULES = YES;
				CLANG_ENABLE_OBJC_ARC = YES;
				CLANG_ENABLE_OBJC_WEAK = YES;
				CLANG_WARN_BLOCK_CAPTURE_AUTORELEASING = YES;
				CLANG_WARN_BOOL_CONVERSION = YES;
				CLANG_WARN_COMMA = YES;
				CLANG_WARN_CONSTANT_CONVERSION = YES;
				CLANG_WARN_DEPRECATED_OBJC_IMPLEMENTATIONS = YES;
				CLANG_WARN_DIRECT_OBJC_ISA_USAGE = YES_ERROR;
				CLANG_WARN_DOCUMENTATION_COMMENTS = YES;
				CLANG_WARN_EMPTY_BODY = YES;
				CLANG_WARN_ENUM_CONVERSION = YES;
				CLANG_WARN_INFINITE_RECURSION = YES;
				CLANG_WARN_INT_CONVERSION = YES;
				CLANG_WARN_NON_LITERAL_NULL_CONVERSION = YES;
				CLANG_WARN_OBJC_IMPLICIT_RETAIN_SELF = YES;
				CLANG_WARN_OBJC_LITERAL_CONVERSION = YES;
				CLANG_WARN_OBJC_ROOT_CLASS = YES_ERROR;
				CLANG_WARN_RANGE_LOOP_ANALYSIS = YES;
				CLANG_WARN_STRICT_PROTOTYPES = YES;
				CLANG_WARN_SUSPICIOUS_MOVE = YES;
				CLANG_WARN_UNGUARDED_AVAILABILITY = YES_AGGRESSIVE;
				CLANG_WARN_UNREACHABLE_CODE = YES;
				CLANG_WARN__DUPLICATE_METHOD_MATCH = YES;
				CODE_SIGN_IDENTITY = "iPhone Developer";
				COPY_PHASE_STRIP = NO;
				DEBUG_INFORMATION_FORMAT = "dwarf-with-dsym";
				ENABLE_NS_ASSERTIONS = NO;
				ENABLE_STRICT_OBJC_MSGSEND = YES;
				GCC_C_LANGUAGE_STANDARD = gnu11;
				GCC_NO_COMMON_BLOCKS = YES;
				GCC_WARN_64_TO_32_BIT_CONVERSION = YES;
				GCC_WARN_ABOUT_RETURN_TYPE = YES_ERROR;
				GCC_WARN_UNDECLARED_SELECTOR = YES;
				GCC_WARN_UNINITIALIZED_AUTOS = YES_AGGRESSIVE;
				GCC_WARN_UNUSED_FUNCTION = YES;
				GCC_WARN_UNUSED_VARIABLE = YES;
				IPHONEOS_DEPLOYMENT_TARGET = 12.0;
				MTL_ENABLE_DEBUG_INFO = NO;
				MTL_FAST_MATH = YES;
				SDKROOT = iphoneos;
				SWIFT_COMPILATION_MODE = wholemodule;
				SWIFT_OPTIMIZATION_LEVEL = "-O";
				VALIDATE_PRODUCT = YES;
			};
			name = Release;
		};
		470CE5C0221222BE005E321F /* Debug */ = {
			isa = XCBuildConfiguration;
			buildSettings = {
				ASSETCATALOG_COMPILER_APPICON_NAME = AppIcon;
				CODE_SIGN_STYLE = Automatic;
				DEVELOPMENT_TEAM = 79964U8894;
				INFOPLIST_FILE = "Virtual Tourist/Info.plist";
				IPHONEOS_DEPLOYMENT_TARGET = 11.0;
				LD_RUNPATH_SEARCH_PATHS = (
					"$(inherited)",
					"@executable_path/Frameworks",
				);
				PRODUCT_BUNDLE_IDENTIFIER = "tiago.maia.Virtual-Tourist";
				PRODUCT_NAME = "$(TARGET_NAME)";
				SWIFT_VERSION = 4.2;
				TARGETED_DEVICE_FAMILY = 1;
			};
			name = Debug;
		};
		470CE5C1221222BE005E321F /* Release */ = {
			isa = XCBuildConfiguration;
			buildSettings = {
				ASSETCATALOG_COMPILER_APPICON_NAME = AppIcon;
				CODE_SIGN_STYLE = Automatic;
				DEVELOPMENT_TEAM = 79964U8894;
				INFOPLIST_FILE = "Virtual Tourist/Info.plist";
				IPHONEOS_DEPLOYMENT_TARGET = 11.0;
				LD_RUNPATH_SEARCH_PATHS = (
					"$(inherited)",
					"@executable_path/Frameworks",
				);
				PRODUCT_BUNDLE_IDENTIFIER = "tiago.maia.Virtual-Tourist";
				PRODUCT_NAME = "$(TARGET_NAME)";
				SWIFT_VERSION = 4.2;
				TARGETED_DEVICE_FAMILY = 1;
			};
			name = Release;
		};
		470CE5C3221222BE005E321F /* Debug */ = {
			isa = XCBuildConfiguration;
			buildSettings = {
				ALWAYS_EMBED_SWIFT_STANDARD_LIBRARIES = YES;
				BUNDLE_LOADER = "$(TEST_HOST)";
				CODE_SIGN_STYLE = Automatic;
				DEVELOPMENT_TEAM = 79964U8894;
				INFOPLIST_FILE = "Virtual TouristTests/Info.plist";
				LD_RUNPATH_SEARCH_PATHS = (
					"$(inherited)",
					"@executable_path/Frameworks",
					"@loader_path/Frameworks",
				);
				PRODUCT_BUNDLE_IDENTIFIER = "tiago.maia.Virtual-TouristTests";
				PRODUCT_NAME = "$(TARGET_NAME)";
				SWIFT_VERSION = 4.2;
				TARGETED_DEVICE_FAMILY = "1,2";
				TEST_HOST = "$(BUILT_PRODUCTS_DIR)/Virtual Tourist.app/Virtual Tourist";
			};
			name = Debug;
		};
		470CE5C4221222BE005E321F /* Release */ = {
			isa = XCBuildConfiguration;
			buildSettings = {
				ALWAYS_EMBED_SWIFT_STANDARD_LIBRARIES = YES;
				BUNDLE_LOADER = "$(TEST_HOST)";
				CODE_SIGN_STYLE = Automatic;
				DEVELOPMENT_TEAM = 79964U8894;
				INFOPLIST_FILE = "Virtual TouristTests/Info.plist";
				LD_RUNPATH_SEARCH_PATHS = (
					"$(inherited)",
					"@executable_path/Frameworks",
					"@loader_path/Frameworks",
				);
				PRODUCT_BUNDLE_IDENTIFIER = "tiago.maia.Virtual-TouristTests";
				PRODUCT_NAME = "$(TARGET_NAME)";
				SWIFT_VERSION = 4.2;
				TARGETED_DEVICE_FAMILY = "1,2";
				TEST_HOST = "$(BUILT_PRODUCTS_DIR)/Virtual Tourist.app/Virtual Tourist";
			};
			name = Release;
		};
/* End XCBuildConfiguration section */

/* Begin XCConfigurationList section */
		470CE59A221222BA005E321F /* Build configuration list for PBXProject "Virtual Tourist" */ = {
			isa = XCConfigurationList;
			buildConfigurations = (
				470CE5BD221222BE005E321F /* Debug */,
				470CE5BE221222BE005E321F /* Release */,
			);
			defaultConfigurationIsVisible = 0;
			defaultConfigurationName = Release;
		};
		470CE5BF221222BE005E321F /* Build configuration list for PBXNativeTarget "Virtual Tourist" */ = {
			isa = XCConfigurationList;
			buildConfigurations = (
				470CE5C0221222BE005E321F /* Debug */,
				470CE5C1221222BE005E321F /* Release */,
			);
			defaultConfigurationIsVisible = 0;
			defaultConfigurationName = Release;
		};
		470CE5C2221222BE005E321F /* Build configuration list for PBXNativeTarget "Virtual TouristTests" */ = {
			isa = XCConfigurationList;
			buildConfigurations = (
				470CE5C3221222BE005E321F /* Debug */,
				470CE5C4221222BE005E321F /* Release */,
			);
			defaultConfigurationIsVisible = 0;
			defaultConfigurationName = Release;
		};
/* End XCConfigurationList section */

/* Begin XCVersionGroup section */
		470CE5A9221222BA005E321F /* Virtual_Tourist.xcdatamodeld */ = {
			isa = XCVersionGroup;
			children = (
				470CE5AA221222BA005E321F /* Virtual_Tourist.xcdatamodel */,
			);
			currentVersion = 470CE5AA221222BA005E321F /* Virtual_Tourist.xcdatamodel */;
			path = Virtual_Tourist.xcdatamodeld;
			sourceTree = "<group>";
			versionGroupType = wrapper.xcdatamodel;
		};
/* End XCVersionGroup section */
	};
	rootObject = 470CE597221222BA005E321F /* Project object */;
}
