// !$*UTF8*$!
{
	archiveVersion = 1;
	classes = {
	};
	objectVersion = 50;
	objects = {

/* Begin PBXBuildFile section */
		470CE5A3221222BA005E321F /* AppDelegate.swift in Sources */ = {isa = PBXBuildFile; fileRef = 470CE5A2221222BA005E321F /* AppDelegate.swift */; };
		470CE5A8221222BA005E321F /* Main.storyboard in Resources */ = {isa = PBXBuildFile; fileRef = 470CE5A6221222BA005E321F /* Main.storyboard */; };
		470CE5AB221222BA005E321F /* Virtual_Tourist.xcdatamodeld in Sources */ = {isa = PBXBuildFile; fileRef = 470CE5A9221222BA005E321F /* Virtual_Tourist.xcdatamodeld */; };
		470CE5AD221222BE005E321F /* Assets.xcassets in Resources */ = {isa = PBXBuildFile; fileRef = 470CE5AC221222BE005E321F /* Assets.xcassets */; };
		470CE5B0221222BE005E321F /* LaunchScreen.storyboard in Resources */ = {isa = PBXBuildFile; fileRef = 470CE5AE221222BE005E321F /* LaunchScreen.storyboard */; };
		470CE5CC2212273C005E321F /* MapKit.framework in Frameworks */ = {isa = PBXBuildFile; fileRef = 470CE5CB2212273C005E321F /* MapKit.framework */; };
		470CE5CE22122744005E321F /* CoreData.framework in Frameworks */ = {isa = PBXBuildFile; fileRef = 470CE5CD22122744005E321F /* CoreData.framework */; };
		470CE5D02212297D005E321F /* MapViewController.swift in Sources */ = {isa = PBXBuildFile; fileRef = 470CE5CF2212297D005E321F /* MapViewController.swift */; };
		470CE5D222122999005E321F /* PhotoAlbumDisplayerViewController.swift in Sources */ = {isa = PBXBuildFile; fileRef = 470CE5D122122999005E321F /* PhotoAlbumDisplayerViewController.swift */; };
		470CE5D422122D47005E321F /* PinMO.swift in Sources */ = {isa = PBXBuildFile; fileRef = 470CE5D322122D47005E321F /* PinMO.swift */; };
		470CE5D622122D52005E321F /* PhotoMO.swift in Sources */ = {isa = PBXBuildFile; fileRef = 470CE5D522122D52005E321F /* PhotoMO.swift */; };
		470CE5D822122DA4005E321F /* DataController.swift in Sources */ = {isa = PBXBuildFile; fileRef = 470CE5D722122DA4005E321F /* DataController.swift */; };
		470CE5DB221235B1005E321F /* SplashViewController.swift in Sources */ = {isa = PBXBuildFile; fileRef = 470CE5DA221235B1005E321F /* SplashViewController.swift */; };
		470CE5DD221237F6005E321F /* UIViewController+Constants.swift in Sources */ = {isa = PBXBuildFile; fileRef = 470CE5DC221237F6005E321F /* UIViewController+Constants.swift */; };
		470CE5E422137D28005E321F /* APIClient.swift in Sources */ = {isa = PBXBuildFile; fileRef = 470CE5E322137D28005E321F /* APIClient.swift */; };
		470CE5E622137E39005E321F /* APIClientProtocol.swift in Sources */ = {isa = PBXBuildFile; fileRef = 470CE5E522137E39005E321F /* APIClientProtocol.swift */; };
		470CE5E822137ECE005E321F /* FlickrService+Constants.swift in Sources */ = {isa = PBXBuildFile; fileRef = 470CE5E722137ECE005E321F /* FlickrService+Constants.swift */; };
		470CE5EA22137EE2005E321F /* FlickrServiceProtocol.swift in Sources */ = {isa = PBXBuildFile; fileRef = 470CE5E922137EE2005E321F /* FlickrServiceProtocol.swift */; };
		470CE5EC22137EED005E321F /* FlickrService.swift in Sources */ = {isa = PBXBuildFile; fileRef = 470CE5EB22137EED005E321F /* FlickrService.swift */; };
		470CE5F422143C8A005E321F /* APIClientTests.swift in Sources */ = {isa = PBXBuildFile; fileRef = 470CE5F322143C8A005E321F /* APIClientTests.swift */; };
		470CE5F62214653D005E321F /* AlbumMO.swift in Sources */ = {isa = PBXBuildFile; fileRef = 470CE5F52214653D005E321F /* AlbumMO.swift */; };
		470CE5FC22146646005E321F /* PinMOStoreProtocol.swift in Sources */ = {isa = PBXBuildFile; fileRef = 470CE5FB22146646005E321F /* PinMOStoreProtocol.swift */; };
		470CE5FE2214665A005E321F /* PinMOStore.swift in Sources */ = {isa = PBXBuildFile; fileRef = 470CE5FD2214665A005E321F /* PinMOStore.swift */; };
		470CE60022146672005E321F /* PhotoMOStoreProtocol.swift in Sources */ = {isa = PBXBuildFile; fileRef = 470CE5FF22146672005E321F /* PhotoMOStoreProtocol.swift */; };
		470CE60222146684005E321F /* PhotoMOStore.swift in Sources */ = {isa = PBXBuildFile; fileRef = 470CE60122146684005E321F /* PhotoMOStore.swift */; };
		470CE604221466CD005E321F /* AlbumMOStoreProtocol.swift in Sources */ = {isa = PBXBuildFile; fileRef = 470CE603221466CD005E321F /* AlbumMOStoreProtocol.swift */; };
		470CE606221466D8005E321F /* AlbumMOStore.swift in Sources */ = {isa = PBXBuildFile; fileRef = 470CE605221466D8005E321F /* AlbumMOStore.swift */; };
		470CE60822146E10005E321F /* CoreLocation.framework in Frameworks */ = {isa = PBXBuildFile; fileRef = 470CE60722146E10005E321F /* CoreLocation.framework */; };
		4734454322238B2000D40298 /* PhotoCollectionViewCell.swift in Sources */ = {isa = PBXBuildFile; fileRef = 4734454222238B2000D40298 /* PhotoCollectionViewCell.swift */; };
		475839292242DCD00022AD07 /* UIViewControllers+Utils.swift in Sources */ = {isa = PBXBuildFile; fileRef = 475839282242DCD00022AD07 /* UIViewControllers+Utils.swift */; };
		4758392B224315EB0022AD07 /* UIApplication+Utils.swift in Sources */ = {isa = PBXBuildFile; fileRef = 4758392A224315EB0022AD07 /* UIApplication+Utils.swift */; };
		4758392D22446C430022AD07 /* Map+Utils.swift in Sources */ = {isa = PBXBuildFile; fileRef = 4758392C22446C430022AD07 /* Map+Utils.swift */; };
		4758392F2245330E0022AD07 /* AlbumSectionHeaderView.swift in Sources */ = {isa = PBXBuildFile; fileRef = 4758392E2245330E0022AD07 /* AlbumSectionHeaderView.swift */; };
		475839312245332C0022AD07 /* AlbumSectionHeaderView.xib in Resources */ = {isa = PBXBuildFile; fileRef = 475839302245332C0022AD07 /* AlbumSectionHeaderView.xib */; };
		475839352246D7DA0022AD07 /* DetailsMapViewController.swift in Sources */ = {isa = PBXBuildFile; fileRef = 475839342246D7DA0022AD07 /* DetailsMapViewController.swift */; };
		475839372246E08E0022AD07 /* PhotoAlbumManagerViewController.swift in Sources */ = {isa = PBXBuildFile; fileRef = 475839362246E08E0022AD07 /* PhotoAlbumManagerViewController.swift */; };
		47829D812228924000B633C1 /* CLPlacemark+Naming.swift in Sources */ = {isa = PBXBuildFile; fileRef = 47829D802228924000B633C1 /* CLPlacemark+Naming.swift */; };
		47D9263D222063F70002A59B /* FlickrData.swift in Sources */ = {isa = PBXBuildFile; fileRef = 47D9263C222063F70002A59B /* FlickrData.swift */; };
/* End PBXBuildFile section */

/* Begin PBXContainerItemProxy section */
		470CE5B7221222BE005E321F /* PBXContainerItemProxy */ = {
			isa = PBXContainerItemProxy;
			containerPortal = 470CE597221222BA005E321F /* Project object */;
			proxyType = 1;
			remoteGlobalIDString = 470CE59E221222BA005E321F;
			remoteInfo = "Virtual Tourist";
		};
/* End PBXContainerItemProxy section */

/* Begin PBXFileReference section */
		470CE59F221222BA005E321F /* Virtual Tourist.app */ = {isa = PBXFileReference; explicitFileType = wrapper.application; includeInIndex = 0; path = "Virtual Tourist.app"; sourceTree = BUILT_PRODUCTS_DIR; };
		470CE5A2221222BA005E321F /* AppDelegate.swift */ = {isa = PBXFileReference; lastKnownFileType = sourcecode.swift; path = AppDelegate.swift; sourceTree = "<group>"; };
		470CE5A7221222BA005E321F /* Base */ = {isa = PBXFileReference; lastKnownFileType = file.storyboard; name = Base; path = Base.lproj/Main.storyboard; sourceTree = "<group>"; };
		470CE5AA221222BA005E321F /* Virtual_Tourist.xcdatamodel */ = {isa = PBXFileReference; lastKnownFileType = wrapper.xcdatamodel; path = Virtual_Tourist.xcdatamodel; sourceTree = "<group>"; };
		470CE5AC221222BE005E321F /* Assets.xcassets */ = {isa = PBXFileReference; lastKnownFileType = folder.assetcatalog; path = Assets.xcassets; sourceTree = "<group>"; };
		470CE5AF221222BE005E321F /* Base */ = {isa = PBXFileReference; lastKnownFileType = file.storyboard; name = Base; path = Base.lproj/LaunchScreen.storyboard; sourceTree = "<group>"; };
		470CE5B1221222BE005E321F /* Info.plist */ = {isa = PBXFileReference; lastKnownFileType = text.plist.xml; path = Info.plist; sourceTree = "<group>"; };
		470CE5B6221222BE005E321F /* Virtual TouristTests.xctest */ = {isa = PBXFileReference; explicitFileType = wrapper.cfbundle; includeInIndex = 0; path = "Virtual TouristTests.xctest"; sourceTree = BUILT_PRODUCTS_DIR; };
		470CE5BC221222BE005E321F /* Info.plist */ = {isa = PBXFileReference; lastKnownFileType = text.plist.xml; path = Info.plist; sourceTree = "<group>"; };
		470CE5CB2212273C005E321F /* MapKit.framework */ = {isa = PBXFileReference; lastKnownFileType = wrapper.framework; name = MapKit.framework; path = System/Library/Frameworks/MapKit.framework; sourceTree = SDKROOT; };
		470CE5CD22122744005E321F /* CoreData.framework */ = {isa = PBXFileReference; lastKnownFileType = wrapper.framework; name = CoreData.framework; path = System/Library/Frameworks/CoreData.framework; sourceTree = SDKROOT; };
		470CE5CF2212297D005E321F /* MapViewController.swift */ = {isa = PBXFileReference; lastKnownFileType = sourcecode.swift; path = MapViewController.swift; sourceTree = "<group>"; };
		470CE5D122122999005E321F /* PhotoAlbumDisplayerViewController.swift */ = {isa = PBXFileReference; lastKnownFileType = sourcecode.swift; path = PhotoAlbumDisplayerViewController.swift; sourceTree = "<group>"; };
		470CE5D322122D47005E321F /* PinMO.swift */ = {isa = PBXFileReference; lastKnownFileType = sourcecode.swift; path = PinMO.swift; sourceTree = "<group>"; };
		470CE5D522122D52005E321F /* PhotoMO.swift */ = {isa = PBXFileReference; lastKnownFileType = sourcecode.swift; path = PhotoMO.swift; sourceTree = "<group>"; };
		470CE5D722122DA4005E321F /* DataController.swift */ = {isa = PBXFileReference; lastKnownFileType = sourcecode.swift; path = DataController.swift; sourceTree = "<group>"; };
		470CE5DA221235B1005E321F /* SplashViewController.swift */ = {isa = PBXFileReference; lastKnownFileType = sourcecode.swift; path = SplashViewController.swift; sourceTree = "<group>"; };
		470CE5DC221237F6005E321F /* UIViewController+Constants.swift */ = {isa = PBXFileReference; lastKnownFileType = sourcecode.swift; path = "UIViewController+Constants.swift"; sourceTree = "<group>"; };
		470CE5E122137415005E321F /* keys.example.xcconfig */ = {isa = PBXFileReference; lastKnownFileType = text.xcconfig; path = keys.example.xcconfig; sourceTree = "<group>"; };
		470CE5E2221375D1005E321F /* keys.xcconfig */ = {isa = PBXFileReference; lastKnownFileType = text.xcconfig; path = keys.xcconfig; sourceTree = "<group>"; };
		470CE5E322137D28005E321F /* APIClient.swift */ = {isa = PBXFileReference; lastKnownFileType = sourcecode.swift; path = APIClient.swift; sourceTree = "<group>"; };
		470CE5E522137E39005E321F /* APIClientProtocol.swift */ = {isa = PBXFileReference; lastKnownFileType = sourcecode.swift; path = APIClientProtocol.swift; sourceTree = "<group>"; };
		470CE5E722137ECE005E321F /* FlickrService+Constants.swift */ = {isa = PBXFileReference; lastKnownFileType = sourcecode.swift; path = "FlickrService+Constants.swift"; sourceTree = "<group>"; };
		470CE5E922137EE2005E321F /* FlickrServiceProtocol.swift */ = {isa = PBXFileReference; lastKnownFileType = sourcecode.swift; path = FlickrServiceProtocol.swift; sourceTree = "<group>"; };
		470CE5EB22137EED005E321F /* FlickrService.swift */ = {isa = PBXFileReference; lastKnownFileType = sourcecode.swift; path = FlickrService.swift; sourceTree = "<group>"; };
		470CE5F322143C8A005E321F /* APIClientTests.swift */ = {isa = PBXFileReference; lastKnownFileType = sourcecode.swift; path = APIClientTests.swift; sourceTree = "<group>"; };
		470CE5F52214653D005E321F /* AlbumMO.swift */ = {isa = PBXFileReference; lastKnownFileType = sourcecode.swift; path = AlbumMO.swift; sourceTree = "<group>"; };
		470CE5FB22146646005E321F /* PinMOStoreProtocol.swift */ = {isa = PBXFileReference; lastKnownFileType = sourcecode.swift; path = PinMOStoreProtocol.swift; sourceTree = "<group>"; };
		470CE5FD2214665A005E321F /* PinMOStore.swift */ = {isa = PBXFileReference; lastKnownFileType = sourcecode.swift; path = PinMOStore.swift; sourceTree = "<group>"; };
		470CE5FF22146672005E321F /* PhotoMOStoreProtocol.swift */ = {isa = PBXFileReference; lastKnownFileType = sourcecode.swift; path = PhotoMOStoreProtocol.swift; sourceTree = "<group>"; };
		470CE60122146684005E321F /* PhotoMOStore.swift */ = {isa = PBXFileReference; lastKnownFileType = sourcecode.swift; path = PhotoMOStore.swift; sourceTree = "<group>"; };
		470CE603221466CD005E321F /* AlbumMOStoreProtocol.swift */ = {isa = PBXFileReference; lastKnownFileType = sourcecode.swift; path = AlbumMOStoreProtocol.swift; sourceTree = "<group>"; };
		470CE605221466D8005E321F /* AlbumMOStore.swift */ = {isa = PBXFileReference; lastKnownFileType = sourcecode.swift; path = AlbumMOStore.swift; sourceTree = "<group>"; };
		470CE60722146E10005E321F /* CoreLocation.framework */ = {isa = PBXFileReference; lastKnownFileType = wrapper.framework; name = CoreLocation.framework; path = System/Library/Frameworks/CoreLocation.framework; sourceTree = SDKROOT; };
		4734454222238B2000D40298 /* PhotoCollectionViewCell.swift */ = {isa = PBXFileReference; lastKnownFileType = sourcecode.swift; path = PhotoCollectionViewCell.swift; sourceTree = "<group>"; };
		475839282242DCD00022AD07 /* UIViewControllers+Utils.swift */ = {isa = PBXFileReference; lastKnownFileType = sourcecode.swift; path = "UIViewControllers+Utils.swift"; sourceTree = "<group>"; };
		4758392A224315EB0022AD07 /* UIApplication+Utils.swift */ = {isa = PBXFileReference; lastKnownFileType = sourcecode.swift; path = "UIApplication+Utils.swift"; sourceTree = "<group>"; };
		4758392C22446C430022AD07 /* Map+Utils.swift */ = {isa = PBXFileReference; lastKnownFileType = sourcecode.swift; path = "Map+Utils.swift"; sourceTree = "<group>"; };
		4758392E2245330E0022AD07 /* AlbumSectionHeaderView.swift */ = {isa = PBXFileReference; lastKnownFileType = sourcecode.swift; path = AlbumSectionHeaderView.swift; sourceTree = "<group>"; };
		475839302245332C0022AD07 /* AlbumSectionHeaderView.xib */ = {isa = PBXFileReference; lastKnownFileType = file.xib; path = AlbumSectionHeaderView.xib; sourceTree = "<group>"; };
		475839342246D7DA0022AD07 /* DetailsMapViewController.swift */ = {isa = PBXFileReference; lastKnownFileType = sourcecode.swift; path = DetailsMapViewController.swift; sourceTree = "<group>"; };
		475839362246E08E0022AD07 /* PhotoAlbumManagerViewController.swift */ = {isa = PBXFileReference; lastKnownFileType = sourcecode.swift; path = PhotoAlbumManagerViewController.swift; sourceTree = "<group>"; };
		47829D802228924000B633C1 /* CLPlacemark+Naming.swift */ = {isa = PBXFileReference; lastKnownFileType = sourcecode.swift; path = "CLPlacemark+Naming.swift"; sourceTree = "<group>"; };
		47D9263C222063F70002A59B /* FlickrData.swift */ = {isa = PBXFileReference; lastKnownFileType = sourcecode.swift; path = FlickrData.swift; sourceTree = "<group>"; };
/* End PBXFileReference section */

/* Begin PBXFrameworksBuildPhase section */
		470CE59C221222BA005E321F /* Frameworks */ = {
			isa = PBXFrameworksBuildPhase;
			buildActionMask = 2147483647;
			files = (
				470CE60822146E10005E321F /* CoreLocation.framework in Frameworks */,
				470CE5CE22122744005E321F /* CoreData.framework in Frameworks */,
				470CE5CC2212273C005E321F /* MapKit.framework in Frameworks */,
			);
			runOnlyForDeploymentPostprocessing = 0;
		};
		470CE5B3221222BE005E321F /* Frameworks */ = {
			isa = PBXFrameworksBuildPhase;
			buildActionMask = 2147483647;
			files = (
			);
			runOnlyForDeploymentPostprocessing = 0;
		};
/* End PBXFrameworksBuildPhase section */

/* Begin PBXGroup section */
		470CE596221222BA005E321F = {
			isa = PBXGroup;
			children = (
				470CE5A1221222BA005E321F /* Virtual Tourist */,
				470CE5B9221222BE005E321F /* Virtual TouristTests */,
				470CE5A0221222BA005E321F /* Products */,
				470CE5CA2212273C005E321F /* Frameworks */,
			);
			sourceTree = "<group>";
		};
		470CE5A0221222BA005E321F /* Products */ = {
			isa = PBXGroup;
			children = (
				470CE59F221222BA005E321F /* Virtual Tourist.app */,
				470CE5B6221222BE005E321F /* Virtual TouristTests.xctest */,
			);
			name = Products;
			sourceTree = "<group>";
		};
		470CE5A1221222BA005E321F /* Virtual Tourist */ = {
			isa = PBXGroup;
			children = (
				470CE5C92212265B005E321F /* Model */,
				470CE5C822122646005E321F /* Views */,
				470CE5C622122635005E321F /* Controllers */,
				47829D7E222891F400B633C1 /* Helpers */,
				470CE5C72212263C005E321F /* Services */,
				470CE5C522122612005E321F /* Supporting Files */,
				470CE5B1221222BE005E321F /* Info.plist */,
			);
			path = "Virtual Tourist";
			sourceTree = "<group>";
		};
		470CE5B9221222BE005E321F /* Virtual TouristTests */ = {
			isa = PBXGroup;
			children = (
				470CE5BC221222BE005E321F /* Info.plist */,
				470CE5F322143C8A005E321F /* APIClientTests.swift */,
			);
			path = "Virtual TouristTests";
			sourceTree = "<group>";
		};
		470CE5C522122612005E321F /* Supporting Files */ = {
			isa = PBXGroup;
			children = (
				470CE5E022137296005E321F /* Secrets */,
				470CE5AC221222BE005E321F /* Assets.xcassets */,
				470CE5AE221222BE005E321F /* LaunchScreen.storyboard */,
				470CE5A2221222BA005E321F /* AppDelegate.swift */,
			);
			path = "Supporting Files";
			sourceTree = "<group>";
		};
		470CE5C622122635005E321F /* Controllers */ = {
			isa = PBXGroup;
			children = (
				470CE5A6221222BA005E321F /* Main.storyboard */,
				470CE5DC221237F6005E321F /* UIViewController+Constants.swift */,
				470CE5DA221235B1005E321F /* SplashViewController.swift */,
				470CE5CF2212297D005E321F /* MapViewController.swift */,
				470CE5D122122999005E321F /* PhotoAlbumDisplayerViewController.swift */,
				475839342246D7DA0022AD07 /* DetailsMapViewController.swift */,
				475839362246E08E0022AD07 /* PhotoAlbumManagerViewController.swift */,
			);
			path = Controllers;
			sourceTree = "<group>";
		};
		470CE5C72212263C005E321F /* Services */ = {
			isa = PBXGroup;
			children = (
				470CE5ED22137EFA005E321F /* APIClient */,
				470CE5EE22137F03005E321F /* FlickrService */,
			);
			path = Services;
			sourceTree = "<group>";
		};
		470CE5C822122646005E321F /* Views */ = {
			isa = PBXGroup;
			children = (
				4734454222238B2000D40298 /* PhotoCollectionViewCell.swift */,
				4758392E2245330E0022AD07 /* AlbumSectionHeaderView.swift */,
				475839302245332C0022AD07 /* AlbumSectionHeaderView.xib */,
			);
			path = Views;
			sourceTree = "<group>";
		};
		470CE5C92212265B005E321F /* Model */ = {
			isa = PBXGroup;
			children = (
				470CE5D722122DA4005E321F /* DataController.swift */,
				470CE5A9221222BA005E321F /* Virtual_Tourist.xcdatamodeld */,
				470CE5D922123367005E321F /* Managed Objects */,
			);
			path = Model;
			sourceTree = "<group>";
		};
		470CE5CA2212273C005E321F /* Frameworks */ = {
			isa = PBXGroup;
			children = (
				470CE60722146E10005E321F /* CoreLocation.framework */,
				470CE5CD22122744005E321F /* CoreData.framework */,
				470CE5CB2212273C005E321F /* MapKit.framework */,
			);
			name = Frameworks;
			sourceTree = "<group>";
		};
		470CE5D922123367005E321F /* Managed Objects */ = {
			isa = PBXGroup;
			children = (
				470CE5F82214660A005E321F /* PinMO */,
				470CE5F922146612005E321F /* PhotoMO */,
				470CE5FA22146621005E321F /* AlbumMO */,
			);
			path = "Managed Objects";
			sourceTree = "<group>";
		};
		470CE5E022137296005E321F /* Secrets */ = {
			isa = PBXGroup;
			children = (
				470CE5E122137415005E321F /* keys.example.xcconfig */,
				470CE5E2221375D1005E321F /* keys.xcconfig */,
			);
			path = Secrets;
			sourceTree = "<group>";
		};
		470CE5ED22137EFA005E321F /* APIClient */ = {
			isa = PBXGroup;
			children = (
				470CE5E322137D28005E321F /* APIClient.swift */,
				470CE5E522137E39005E321F /* APIClientProtocol.swift */,
			);
			path = APIClient;
			sourceTree = "<group>";
		};
		470CE5EE22137F03005E321F /* FlickrService */ = {
			isa = PBXGroup;
			children = (
				470CE5E922137EE2005E321F /* FlickrServiceProtocol.swift */,
				470CE5EB22137EED005E321F /* FlickrService.swift */,
				470CE5E722137ECE005E321F /* FlickrService+Constants.swift */,
				47D9263C222063F70002A59B /* FlickrData.swift */,
			);
			path = FlickrService;
			sourceTree = "<group>";
		};
		470CE5F82214660A005E321F /* PinMO */ = {
			isa = PBXGroup;
			children = (
				470CE5D322122D47005E321F /* PinMO.swift */,
				470CE5FB22146646005E321F /* PinMOStoreProtocol.swift */,
				470CE5FD2214665A005E321F /* PinMOStore.swift */,
			);
			path = PinMO;
			sourceTree = "<group>";
		};
		470CE5F922146612005E321F /* PhotoMO */ = {
			isa = PBXGroup;
			children = (
				470CE5D522122D52005E321F /* PhotoMO.swift */,
				470CE5FF22146672005E321F /* PhotoMOStoreProtocol.swift */,
				470CE60122146684005E321F /* PhotoMOStore.swift */,
			);
			path = PhotoMO;
			sourceTree = "<group>";
		};
		470CE5FA22146621005E321F /* AlbumMO */ = {
			isa = PBXGroup;
			children = (
				470CE5F52214653D005E321F /* AlbumMO.swift */,
				470CE603221466CD005E321F /* AlbumMOStoreProtocol.swift */,
				470CE605221466D8005E321F /* AlbumMOStore.swift */,
			);
			path = AlbumMO;
			sourceTree = "<group>";
		};
		47829D7E222891F400B633C1 /* Helpers */ = {
			isa = PBXGroup;
			children = (
				47829D7F2228921200B633C1 /* Extensions */,
			);
			path = Helpers;
			sourceTree = "<group>";
		};
		47829D7F2228921200B633C1 /* Extensions */ = {
			isa = PBXGroup;
			children = (
				47829D802228924000B633C1 /* CLPlacemark+Naming.swift */,
				475839282242DCD00022AD07 /* UIViewControllers+Utils.swift */,
				4758392A224315EB0022AD07 /* UIApplication+Utils.swift */,
				4758392C22446C430022AD07 /* Map+Utils.swift */,
			);
			path = Extensions;
			sourceTree = "<group>";
		};
/* End PBXGroup section */

/* Begin PBXNativeTarget section */
		470CE59E221222BA005E321F /* Virtual Tourist */ = {
			isa = PBXNativeTarget;
			buildConfigurationList = 470CE5BF221222BE005E321F /* Build configuration list for PBXNativeTarget "Virtual Tourist" */;
			buildPhases = (
				470CE59B221222BA005E321F /* Sources */,
				470CE59C221222BA005E321F /* Frameworks */,
				470CE59D221222BA005E321F /* Resources */,
			);
			buildRules = (
			);
			dependencies = (
			);
			name = "Virtual Tourist";
			productName = "Virtual Tourist";
			productReference = 470CE59F221222BA005E321F /* Virtual Tourist.app */;
			productType = "com.apple.product-type.application";
		};
		470CE5B5221222BE005E321F /* Virtual TouristTests */ = {
			isa = PBXNativeTarget;
			buildConfigurationList = 470CE5C2221222BE005E321F /* Build configuration list for PBXNativeTarget "Virtual TouristTests" */;
			buildPhases = (
				470CE5B2221222BE005E321F /* Sources */,
				470CE5B3221222BE005E321F /* Frameworks */,
				470CE5B4221222BE005E321F /* Resources */,
			);
			buildRules = (
			);
			dependencies = (
				470CE5B8221222BE005E321F /* PBXTargetDependency */,
			);
			name = "Virtual TouristTests";
			productName = "Virtual TouristTests";
			productReference = 470CE5B6221222BE005E321F /* Virtual TouristTests.xctest */;
			productType = "com.apple.product-type.bundle.unit-test";
		};
/* End PBXNativeTarget section */

/* Begin PBXProject section */
		470CE597221222BA005E321F /* Project object */ = {
			isa = PBXProject;
			attributes = {
				LastSwiftUpdateCheck = 1000;
				LastUpgradeCheck = 1000;
				ORGANIZATIONNAME = "Tiago Maia Lopes";
				TargetAttributes = {
					470CE59E221222BA005E321F = {
						CreatedOnToolsVersion = 10.0;
					};
					470CE5B5221222BE005E321F = {
						CreatedOnToolsVersion = 10.0;
						TestTargetID = 470CE59E221222BA005E321F;
					};
				};
			};
			buildConfigurationList = 470CE59A221222BA005E321F /* Build configuration list for PBXProject "Virtual Tourist" */;
			compatibilityVersion = "Xcode 9.3";
			developmentRegion = en;
			hasScannedForEncodings = 0;
			knownRegions = (
				en,
				Base,
			);
			mainGroup = 470CE596221222BA005E321F;
			productRefGroup = 470CE5A0221222BA005E321F /* Products */;
			projectDirPath = "";
			projectRoot = "";
			targets = (
				470CE59E221222BA005E321F /* Virtual Tourist */,
				470CE5B5221222BE005E321F /* Virtual TouristTests */,
			);
		};
/* End PBXProject section */

/* Begin PBXResourcesBuildPhase section */
		470CE59D221222BA005E321F /* Resources */ = {
			isa = PBXResourcesBuildPhase;
			buildActionMask = 2147483647;
			files = (
				470CE5B0221222BE005E321F /* LaunchScreen.storyboard in Resources */,
				475839312245332C0022AD07 /* AlbumSectionHeaderView.xib in Resources */,
				470CE5AD221222BE005E321F /* Assets.xcassets in Resources */,
				470CE5A8221222BA005E321F /* Main.storyboard in Resources */,
			);
			runOnlyForDeploymentPostprocessing = 0;
		};
		470CE5B4221222BE005E321F /* Resources */ = {
			isa = PBXResourcesBuildPhase;
			buildActionMask = 2147483647;
			files = (
			);
			runOnlyForDeploymentPostprocessing = 0;
		};
/* End PBXResourcesBuildPhase section */

/* Begin PBXSourcesBuildPhase section */
		470CE59B221222BA005E321F /* Sources */ = {
			isa = PBXSourcesBuildPhase;
			buildActionMask = 2147483647;
			files = (
				47D9263D222063F70002A59B /* FlickrData.swift in Sources */,
				475839292242DCD00022AD07 /* UIViewControllers+Utils.swift in Sources */,
				470CE5D822122DA4005E321F /* DataController.swift in Sources */,
				470CE5D622122D52005E321F /* PhotoMO.swift in Sources */,
				470CE5E422137D28005E321F /* APIClient.swift in Sources */,
				470CE5D422122D47005E321F /* PinMO.swift in Sources */,
				470CE606221466D8005E321F /* AlbumMOStore.swift in Sources */,
				470CE60022146672005E321F /* PhotoMOStoreProtocol.swift in Sources */,
				4758392B224315EB0022AD07 /* UIApplication+Utils.swift in Sources */,
				470CE5E822137ECE005E321F /* FlickrService+Constants.swift in Sources */,
				470CE60222146684005E321F /* PhotoMOStore.swift in Sources */,
				4734454322238B2000D40298 /* PhotoCollectionViewCell.swift in Sources */,
				470CE5AB221222BA005E321F /* Virtual_Tourist.xcdatamodeld in Sources */,
				470CE5DD221237F6005E321F /* UIViewController+Constants.swift in Sources */,
				470CE5D222122999005E321F /* PhotoAlbumDisplayerViewController.swift in Sources */,
				470CE5EC22137EED005E321F /* FlickrService.swift in Sources */,
				470CE5E622137E39005E321F /* APIClientProtocol.swift in Sources */,
				47829D812228924000B633C1 /* CLPlacemark+Naming.swift in Sources */,
				470CE5D02212297D005E321F /* MapViewController.swift in Sources */,
				470CE5F62214653D005E321F /* AlbumMO.swift in Sources */,
				470CE5A3221222BA005E321F /* AppDelegate.swift in Sources */,
				470CE5DB221235B1005E321F /* SplashViewController.swift in Sources */,
				4758392D22446C430022AD07 /* Map+Utils.swift in Sources */,
				470CE5FE2214665A005E321F /* PinMOStore.swift in Sources */,
				470CE604221466CD005E321F /* AlbumMOStoreProtocol.swift in Sources */,
				4758392F2245330E0022AD07 /* AlbumSectionHeaderView.swift in Sources */,
				470CE5EA22137EE2005E321F /* FlickrServiceProtocol.swift in Sources */,
				475839352246D7DA0022AD07 /* DetailsMapViewController.swift in Sources */,
				470CE5FC22146646005E321F /* PinMOStoreProtocol.swift in Sources */,
				475839372246E08E0022AD07 /* PhotoAlbumManagerViewController.swift in Sources */,
			);
			runOnlyForDeploymentPostprocessing = 0;
		};
		470CE5B2221222BE005E321F /* Sources */ = {
			isa = PBXSourcesBuildPhase;
			buildActionMask = 2147483647;
			files = (
				470CE5F422143C8A005E321F /* APIClientTests.swift in Sources */,
			);
			runOnlyForDeploymentPostprocessing = 0;
		};
/* End PBXSourcesBuildPhase section */

/* Begin PBXTargetDependency section */
		470CE5B8221222BE005E321F /* PBXTargetDependency */ = {
			isa = PBXTargetDependency;
			target = 470CE59E221222BA005E321F /* Virtual Tourist */;
			targetProxy = 470CE5B7221222BE005E321F /* PBXContainerItemProxy */;
		};
/* End PBXTargetDependency section */

/* Begin PBXVariantGroup section */
		470CE5A6221222BA005E321F /* Main.storyboard */ = {
			isa = PBXVariantGroup;
			children = (
				470CE5A7221222BA005E321F /* Base */,
			);
			name = Main.storyboard;
			sourceTree = "<group>";
		};
		470CE5AE221222BE005E321F /* LaunchScreen.storyboard */ = {
			isa = PBXVariantGroup;
			children = (
				470CE5AF221222BE005E321F /* Base */,
			);
			name = LaunchScreen.storyboard;
			sourceTree = "<group>";
		};
/* End PBXVariantGroup section */

/* Begin XCBuildConfiguration section */
		470CE5BD221222BE005E321F /* Debug */ = {
			isa = XCBuildConfiguration;
			buildSettings = {
				ALWAYS_SEARCH_USER_PATHS = NO;
				CLANG_ANALYZER_NONNULL = YES;
				CLANG_ANALYZER_NUMBER_OBJECT_CONVERSION = YES_AGGRESSIVE;
				CLANG_CXX_LANGUAGE_STANDARD = "gnu++14";
				CLANG_CXX_LIBRARY = "libc++";
				CLANG_ENABLE_MODULES = YES;
				CLANG_ENABLE_OBJC_ARC = YES;
				CLANG_ENABLE_OBJC_WEAK = YES;
				CLANG_WARN_BLOCK_CAPTURE_AUTORELEASING = YES;
				CLANG_WARN_BOOL_CONVERSION = YES;
				CLANG_WARN_COMMA = YES;
				CLANG_WARN_CONSTANT_CONVERSION = YES;
				CLANG_WARN_DEPRECATED_OBJC_IMPLEMENTATIONS = YES;
				CLANG_WARN_DIRECT_OBJC_ISA_USAGE = YES_ERROR;
				CLANG_WARN_DOCUMENTATION_COMMENTS = YES;
				CLANG_WARN_EMPTY_BODY = YES;
				CLANG_WARN_ENUM_CONVERSION = YES;
				CLANG_WARN_INFINITE_RECURSION = YES;
				CLANG_WARN_INT_CONVERSION = YES;
				CLANG_WARN_NON_LITERAL_NULL_CONVERSION = YES;
				CLANG_WARN_OBJC_IMPLICIT_RETAIN_SELF = YES;
				CLANG_WARN_OBJC_LITERAL_CONVERSION = YES;
				CLANG_WARN_OBJC_ROOT_CLASS = YES_ERROR;
				CLANG_WARN_RANGE_LOOP_ANALYSIS = YES;
				CLANG_WARN_STRICT_PROTOTYPES = YES;
				CLANG_WARN_SUSPICIOUS_MOVE = YES;
				CLANG_WARN_UNGUARDED_AVAILABILITY = YES_AGGRESSIVE;
				CLANG_WARN_UNREACHABLE_CODE = YES;
				CLANG_WARN__DUPLICATE_METHOD_MATCH = YES;
				CODE_SIGN_IDENTITY = "iPhone Developer";
				COPY_PHASE_STRIP = NO;
				DEBUG_INFORMATION_FORMAT = dwarf;
				ENABLE_STRICT_OBJC_MSGSEND = YES;
				ENABLE_TESTABILITY = YES;
				GCC_C_LANGUAGE_STANDARD = gnu11;
				GCC_DYNAMIC_NO_PIC = NO;
				GCC_NO_COMMON_BLOCKS = YES;
				GCC_OPTIMIZATION_LEVEL = 0;
				GCC_PREPROCESSOR_DEFINITIONS = (
					"DEBUG=1",
					"$(inherited)",
				);
				GCC_WARN_64_TO_32_BIT_CONVERSION = YES;
				GCC_WARN_ABOUT_RETURN_TYPE = YES_ERROR;
				GCC_WARN_UNDECLARED_SELECTOR = YES;
				GCC_WARN_UNINITIALIZED_AUTOS = YES_AGGRESSIVE;
				GCC_WARN_UNUSED_FUNCTION = YES;
				GCC_WARN_UNUSED_VARIABLE = YES;
				IPHONEOS_DEPLOYMENT_TARGET = 12.0;
				MTL_ENABLE_DEBUG_INFO = INCLUDE_SOURCE;
				MTL_FAST_MATH = YES;
				ONLY_ACTIVE_ARCH = YES;
				SDKROOT = iphoneos;
				SWIFT_ACTIVE_COMPILATION_CONDITIONS = DEBUG;
				SWIFT_OPTIMIZATION_LEVEL = "-Onone";
			};
			name = Debug;
		};
		470CE5BE221222BE005E321F /* Release */ = {
			isa = XCBuildConfiguration;
			buildSettings = {
				ALWAYS_SEARCH_USER_PATHS = NO;
				CLANG_ANALYZER_NONNULL = YES;
				CLANG_ANALYZER_NUMBER_OBJECT_CONVERSION = YES_AGGRESSIVE;
				CLANG_CXX_LANGUAGE_STANDARD = "gnu++14";
				CLANG_CXX_LIBRARY = "libc++";
				CLANG_ENABLE_MODULES = YES;
				CLANG_ENABLE_OBJC_ARC = YES;
				CLANG_ENABLE_OBJC_WEAK = YES;
				CLANG_WARN_BLOCK_CAPTURE_AUTORELEASING = YES;
				CLANG_WARN_BOOL_CONVERSION = YES;
				CLANG_WARN_COMMA = YES;
				CLANG_WARN_CONSTANT_CONVERSION = YES;
				CLANG_WARN_DEPRECATED_OBJC_IMPLEMENTATIONS = YES;
				CLANG_WARN_DIRECT_OBJC_ISA_USAGE = YES_ERROR;
				CLANG_WARN_DOCUMENTATION_COMMENTS = YES;
				CLANG_WARN_EMPTY_BODY = YES;
				CLANG_WARN_ENUM_CONVERSION = YES;
				CLANG_WARN_INFINITE_RECURSION = YES;
				CLANG_WARN_INT_CONVERSION = YES;
				CLANG_WARN_NON_LITERAL_NULL_CONVERSION = YES;
				CLANG_WARN_OBJC_IMPLICIT_RETAIN_SELF = YES;
				CLANG_WARN_OBJC_LITERAL_CONVERSION = YES;
				CLANG_WARN_OBJC_ROOT_CLASS = YES_ERROR;
				CLANG_WARN_RANGE_LOOP_ANALYSIS = YES;
				CLANG_WARN_STRICT_PROTOTYPES = YES;
				CLANG_WARN_SUSPICIOUS_MOVE = YES;
				CLANG_WARN_UNGUARDED_AVAILABILITY = YES_AGGRESSIVE;
				CLANG_WARN_UNREACHABLE_CODE = YES;
				CLANG_WARN__DUPLICATE_METHOD_MATCH = YES;
				CODE_SIGN_IDENTITY = "iPhone Developer";
				COPY_PHASE_STRIP = NO;
				DEBUG_INFORMATION_FORMAT = "dwarf-with-dsym";
				ENABLE_NS_ASSERTIONS = NO;
				ENABLE_STRICT_OBJC_MSGSEND = YES;
				GCC_C_LANGUAGE_STANDARD = gnu11;
				GCC_NO_COMMON_BLOCKS = YES;
				GCC_WARN_64_TO_32_BIT_CONVERSION = YES;
				GCC_WARN_ABOUT_RETURN_TYPE = YES_ERROR;
				GCC_WARN_UNDECLARED_SELECTOR = YES;
				GCC_WARN_UNINITIALIZED_AUTOS = YES_AGGRESSIVE;
				GCC_WARN_UNUSED_FUNCTION = YES;
				GCC_WARN_UNUSED_VARIABLE = YES;
				IPHONEOS_DEPLOYMENT_TARGET = 12.0;
				MTL_ENABLE_DEBUG_INFO = NO;
				MTL_FAST_MATH = YES;
				SDKROOT = iphoneos;
				SWIFT_COMPILATION_MODE = wholemodule;
				SWIFT_OPTIMIZATION_LEVEL = "-O";
				VALIDATE_PRODUCT = YES;
			};
			name = Release;
		};
		470CE5C0221222BE005E321F /* Debug */ = {
			isa = XCBuildConfiguration;
			baseConfigurationReference = 470CE5E2221375D1005E321F /* keys.xcconfig */;
			buildSettings = {
				ASSETCATALOG_COMPILER_APPICON_NAME = AppIcon;
				CODE_SIGN_STYLE = Automatic;
				DEVELOPMENT_TEAM = 79964U8894;
				INFOPLIST_FILE = "Virtual Tourist/Info.plist";
				IPHONEOS_DEPLOYMENT_TARGET = 11.0;
				LD_RUNPATH_SEARCH_PATHS = (
					"$(inherited)",
					"@executable_path/Frameworks",
				);
				PRODUCT_BUNDLE_IDENTIFIER = "tiago.maia.Virtual-Tourist";
				PRODUCT_NAME = "$(TARGET_NAME)";
				SWIFT_VERSION = 4.2;
				TARGETED_DEVICE_FAMILY = 1;
			};
			name = Debug;
		};
		470CE5C1221222BE005E321F /* Release */ = {
			isa = XCBuildConfiguration;
			baseConfigurationReference = 470CE5E2221375D1005E321F /* keys.xcconfig */;
			buildSettings = {
				ASSETCATALOG_COMPILER_APPICON_NAME = AppIcon;
				CODE_SIGN_STYLE = Automatic;
				DEVELOPMENT_TEAM = 79964U8894;
				INFOPLIST_FILE = "Virtual Tourist/Info.plist";
				IPHONEOS_DEPLOYMENT_TARGET = 11.0;
				LD_RUNPATH_SEARCH_PATHS = (
					"$(inherited)",
					"@executable_path/Frameworks",
				);
				PRODUCT_BUNDLE_IDENTIFIER = "tiago.maia.Virtual-Tourist";
				PRODUCT_NAME = "$(TARGET_NAME)";
				SWIFT_VERSION = 4.2;
				TARGETED_DEVICE_FAMILY = 1;
			};
			name = Release;
		};
		470CE5C3221222BE005E321F /* Debug */ = {
			isa = XCBuildConfiguration;
			buildSettings = {
				ALWAYS_EMBED_SWIFT_STANDARD_LIBRARIES = YES;
				BUNDLE_LOADER = "$(TEST_HOST)";
				CODE_SIGN_STYLE = Automatic;
				DEVELOPMENT_TEAM = 79964U8894;
				INFOPLIST_FILE = "Virtual TouristTests/Info.plist";
				LD_RUNPATH_SEARCH_PATHS = (
					"$(inherited)",
					"@executable_path/Frameworks",
					"@loader_path/Frameworks",
				);
				PRODUCT_BUNDLE_IDENTIFIER = "tiago.maia.Virtual-TouristTests";
				PRODUCT_NAME = "$(TARGET_NAME)";
				SWIFT_VERSION = 4.2;
				TARGETED_DEVICE_FAMILY = "1,2";
				TEST_HOST = "$(BUILT_PRODUCTS_DIR)/Virtual Tourist.app/Virtual Tourist";
			};
			name = Debug;
		};
		470CE5C4221222BE005E321F /* Release */ = {
			isa = XCBuildConfiguration;
			buildSettings = {
				ALWAYS_EMBED_SWIFT_STANDARD_LIBRARIES = YES;
				BUNDLE_LOADER = "$(TEST_HOST)";
				CODE_SIGN_STYLE = Automatic;
				DEVELOPMENT_TEAM = 79964U8894;
				INFOPLIST_FILE = "Virtual TouristTests/Info.plist";
				LD_RUNPATH_SEARCH_PATHS = (
					"$(inherited)",
					"@executable_path/Frameworks",
					"@loader_path/Frameworks",
				);
				PRODUCT_BUNDLE_IDENTIFIER = "tiago.maia.Virtual-TouristTests";
				PRODUCT_NAME = "$(TARGET_NAME)";
				SWIFT_VERSION = 4.2;
				TARGETED_DEVICE_FAMILY = "1,2";
				TEST_HOST = "$(BUILT_PRODUCTS_DIR)/Virtual Tourist.app/Virtual Tourist";
			};
			name = Release;
		};
/* End XCBuildConfiguration section */

/* Begin XCConfigurationList section */
		470CE59A221222BA005E321F /* Build configuration list for PBXProject "Virtual Tourist" */ = {
			isa = XCConfigurationList;
			buildConfigurations = (
				470CE5BD221222BE005E321F /* Debug */,
				470CE5BE221222BE005E321F /* Release */,
			);
			defaultConfigurationIsVisible = 0;
			defaultConfigurationName = Release;
		};
		470CE5BF221222BE005E321F /* Build configuration list for PBXNativeTarget "Virtual Tourist" */ = {
			isa = XCConfigurationList;
			buildConfigurations = (
				470CE5C0221222BE005E321F /* Debug */,
				470CE5C1221222BE005E321F /* Release */,
			);
			defaultConfigurationIsVisible = 0;
			defaultConfigurationName = Release;
		};
		470CE5C2221222BE005E321F /* Build configuration list for PBXNativeTarget "Virtual TouristTests" */ = {
			isa = XCConfigurationList;
			buildConfigurations = (
				470CE5C3221222BE005E321F /* Debug */,
				470CE5C4221222BE005E321F /* Release */,
			);
			defaultConfigurationIsVisible = 0;
			defaultConfigurationName = Release;
		};
/* End XCConfigurationList section */

/* Begin XCVersionGroup section */
		470CE5A9221222BA005E321F /* Virtual_Tourist.xcdatamodeld */ = {
			isa = XCVersionGroup;
			children = (
				470CE5AA221222BA005E321F /* Virtual_Tourist.xcdatamodel */,
			);
			currentVersion = 470CE5AA221222BA005E321F /* Virtual_Tourist.xcdatamodel */;
			path = Virtual_Tourist.xcdatamodeld;
			sourceTree = "<group>";
			versionGroupType = wrapper.xcdatamodel;
		};
/* End XCVersionGroup section */
	};
	rootObject = 470CE597221222BA005E321F /* Project object */;
}
